
Microsoft Visual Studio Solution File, Format Version 12.00
# Visual Studio 15
Project("{FAE04EC0-301F-11D3-BF4B-00C04F79EFBC}") = "CommonScripts", "CommonScripts.csproj", "{3368C32A-BA05-EF17-5214-05A4AD0C4BFD}"
EndProject
Project("{FAE04EC0-301F-11D3-BF4B-00C04F79EFBC}") = "Assembly-CSharp", "Assembly-CSharp.csproj", "{CFF97C65-840E-81B3-F76F-A924EC074CDB}"
EndProject
Project("{FAE04EC0-301F-11D3-BF4B-00C04F79EFBC}") = "CommonEditor", "CommonEditor.csproj", "{3B362CDD-B27C-AAAB-1D23-12D09ADD191A}"
EndProject
Project("{FAE04EC0-301F-11D3-BF4B-00C04F79EFBC}") = "Assembly-CSharp-Editor", "Assembly-CSharp-Editor.csproj", "{A20477A2-6250-7379-7E5B-8096925D0163}"
EndProject
Project("{FAE04EC0-301F-11D3-BF4B-00C04F79EFBC}") = "VuforiaVersionCheckerScripts", "VuforiaVersionCheckerScripts.csproj", "{A354B4EE-15E9-75BB-D740-4B0D55E0872B}"
EndProject
Global
	GlobalSection(SolutionConfigurationPlatforms) = preSolution
		Debug|Any CPU = Debug|Any CPU
		Release|Any CPU = Release|Any CPU
	EndGlobalSection
	GlobalSection(ProjectConfigurationPlatforms) = postSolution
		{3368C32A-BA05-EF17-5214-05A4AD0C4BFD}.Debug|Any CPU.ActiveCfg = Debug|Any CPU
		{3368C32A-BA05-EF17-5214-05A4AD0C4BFD}.Debug|Any CPU.Build.0 = Debug|Any CPU
		{3368C32A-BA05-EF17-5214-05A4AD0C4BFD}.Release|Any CPU.ActiveCfg = Release|Any CPU
		{3368C32A-BA05-EF17-5214-05A4AD0C4BFD}.Release|Any CPU.Build.0 = Release|Any CPU
		{CFF97C65-840E-81B3-F76F-A924EC074CDB}.Debug|Any CPU.ActiveCfg = Debug|Any CPU
		{CFF97C65-840E-81B3-F76F-A924EC074CDB}.Debug|Any CPU.Build.0 = Debug|Any CPU
		{CFF97C65-840E-81B3-F76F-A924EC074CDB}.Release|Any CPU.ActiveCfg = Release|Any CPU
		{CFF97C65-840E-81B3-F76F-A924EC074CDB}.Release|Any CPU.Build.0 = Release|Any CPU
		{3B362CDD-B27C-AAAB-1D23-12D09ADD191A}.Debug|Any CPU.ActiveCfg = Debug|Any CPU
		{3B362CDD-B27C-AAAB-1D23-12D09ADD191A}.Debug|Any CPU.Build.0 = Debug|Any CPU
		{3B362CDD-B27C-AAAB-1D23-12D09ADD191A}.Release|Any CPU.ActiveCfg = Release|Any CPU
		{3B362CDD-B27C-AAAB-1D23-12D09ADD191A}.Release|Any CPU.Build.0 = Release|Any CPU
		{A20477A2-6250-7379-7E5B-8096925D0163}.Debug|Any CPU.ActiveCfg = Debug|Any CPU
		{A20477A2-6250-7379-7E5B-8096925D0163}.Debug|Any CPU.Build.0 = Debug|Any CPU
		{A20477A2-6250-7379-7E5B-8096925D0163}.Release|Any CPU.ActiveCfg = Release|Any CPU
		{A20477A2-6250-7379-7E5B-8096925D0163}.Release|Any CPU.Build.0 = Release|Any CPU
		{A354B4EE-15E9-75BB-D740-4B0D55E0872B}.Debug|Any CPU.ActiveCfg = Debug|Any CPU
		{A354B4EE-15E9-75BB-D740-4B0D55E0872B}.Debug|Any CPU.Build.0 = Debug|Any CPU
		{A354B4EE-15E9-75BB-D740-4B0D55E0872B}.Release|Any CPU.ActiveCfg = Release|Any CPU
		{A354B4EE-15E9-75BB-D740-4B0D55E0872B}.Release|Any CPU.Build.0 = Release|Any CPU
	EndGlobalSection
	GlobalSection(SolutionProperties) = preSolution
		HideSolutionNode = FALSE
	EndGlobalSection
EndGlobal
